// !$*UTF8*$!
{
	archiveVersion = 1;
	classes = {
	};
	objectVersion = 48;
	objects = {

/* Begin PBXBuildFile section */
		28185024206012BE00284A29 /* AXEOfflineWebViewController.h in Headers */ = {isa = PBXBuildFile; fileRef = 28185022206012BE00284A29 /* AXEOfflineWebViewController.h */; };
		28185025206012BE00284A29 /* AXEOfflineWebViewController.m in Sources */ = {isa = PBXBuildFile; fileRef = 28185023206012BE00284A29 /* AXEOfflineWebViewController.m */; };
		28185028206012E400284A29 /* AXEOfflineWKWebViewController.h in Headers */ = {isa = PBXBuildFile; fileRef = 28185026206012E400284A29 /* AXEOfflineWKWebViewController.h */; };
		28185029206012E400284A29 /* AXEOfflineWKWebViewController.m in Sources */ = {isa = PBXBuildFile; fileRef = 28185027206012E400284A29 /* AXEOfflineWKWebViewController.m */; };
		281850402061F12500284A29 /* AXEViewController.h in Headers */ = {isa = PBXBuildFile; fileRef = 2818503E2061F12500284A29 /* AXEViewController.h */; };
		281850412061F12500284A29 /* AXEViewController.m in Sources */ = {isa = PBXBuildFile; fileRef = 2818503F2061F12500284A29 /* AXEViewController.m */; };
		281850442061F76300284A29 /* AXEOfflineDownloadView.h in Headers */ = {isa = PBXBuildFile; fileRef = 281850422061F76300284A29 /* AXEOfflineDownloadView.h */; };
		281850452061F76300284A29 /* AXEOfflineDownloadView.m in Sources */ = {isa = PBXBuildFile; fileRef = 281850432061F76300284A29 /* AXEOfflineDownloadView.m */; };
		281850482062A2C900284A29 /* AXEOfflineReactViewController.h in Headers */ = {isa = PBXBuildFile; fileRef = 281850462062A2C900284A29 /* AXEOfflineReactViewController.h */; };
		281850492062A2C900284A29 /* AXEOfflineReactViewController.m in Sources */ = {isa = PBXBuildFile; fileRef = 281850472062A2C900284A29 /* AXEOfflineReactViewController.m */; };
		282B5B8120CE801F00FF33D3 /* AXERouteProtocolDefinition.m in Sources */ = {isa = PBXBuildFile; fileRef = 282B5B7B20CE801F00FF33D3 /* AXERouteProtocolDefinition.m */; };
		282B5B8220CE801F00FF33D3 /* AXERouteDefinition.h in Headers */ = {isa = PBXBuildFile; fileRef = 282B5B7C20CE801F00FF33D3 /* AXERouteDefinition.h */; };
		282B5B8320CE801F00FF33D3 /* AXERouteProtocolDefinition.h in Headers */ = {isa = PBXBuildFile; fileRef = 282B5B7D20CE801F00FF33D3 /* AXERouteProtocolDefinition.h */; };
		282B5B8420CE801F00FF33D3 /* AXERouteDefinition.m in Sources */ = {isa = PBXBuildFile; fileRef = 282B5B7E20CE801F00FF33D3 /* AXERouteDefinition.m */; };
		282B5B8520CE801F00FF33D3 /* AXERouteRequest.h in Headers */ = {isa = PBXBuildFile; fileRef = 282B5B7F20CE801F00FF33D3 /* AXERouteRequest.h */; };
		282B5B8620CE801F00FF33D3 /* AXERouteRequest.m in Sources */ = {isa = PBXBuildFile; fileRef = 282B5B8020CE801F00FF33D3 /* AXERouteRequest.m */; };
		283B898220502B4F00681FA0 /* Axe.framework in Frameworks */ = {isa = PBXBuildFile; fileRef = 283B897820502B4F00681FA0 /* Axe.framework */; };
		283B898720502B4F00681FA0 /* AxeTests.m in Sources */ = {isa = PBXBuildFile; fileRef = 283B898620502B4F00681FA0 /* AxeTests.m */; };
		283B898920502B4F00681FA0 /* Axe.h in Headers */ = {isa = PBXBuildFile; fileRef = 283B897B20502B4F00681FA0 /* Axe.h */; settings = {ATTRIBUTES = (Public, ); }; };
		283B899B20502CBB00681FA0 /* AXERouter.h in Headers */ = {isa = PBXBuildFile; fileRef = 283B899920502CBB00681FA0 /* AXERouter.h */; };
		283B899C20502CBB00681FA0 /* AXERouter.m in Sources */ = {isa = PBXBuildFile; fileRef = 283B899A20502CBB00681FA0 /* AXERouter.m */; };
		283B899F20502DC100681FA0 /* AXEEvent.h in Headers */ = {isa = PBXBuildFile; fileRef = 283B899D20502DC100681FA0 /* AXEEvent.h */; };
		283B89A020502DC100681FA0 /* AXEEvent.m in Sources */ = {isa = PBXBuildFile; fileRef = 283B899E20502DC100681FA0 /* AXEEvent.m */; };
		283B89A72051218900681FA0 /* AXEAutoreleaseEvent.h in Headers */ = {isa = PBXBuildFile; fileRef = 283B89A52051218900681FA0 /* AXEAutoreleaseEvent.h */; };
		283B89A82051218900681FA0 /* AXEAutoreleaseEvent.m in Sources */ = {isa = PBXBuildFile; fileRef = 283B89A62051218900681FA0 /* AXEAutoreleaseEvent.m */; };
		283B89AF205125D800681FA0 /* AXEEventListener.h in Headers */ = {isa = PBXBuildFile; fileRef = 283B89AD205125D800681FA0 /* AXEEventListener.h */; };
		283B89B0205125D800681FA0 /* AXEEventListener.m in Sources */ = {isa = PBXBuildFile; fileRef = 283B89AE205125D800681FA0 /* AXEEventListener.m */; };
		283B89B32051261600681FA0 /* AXEModuleInitializer.h in Headers */ = {isa = PBXBuildFile; fileRef = 283B89B12051261600681FA0 /* AXEModuleInitializer.h */; };
		283B89B42051261600681FA0 /* AXEModuleInitializer.m in Sources */ = {isa = PBXBuildFile; fileRef = 283B89B22051261600681FA0 /* AXEModuleInitializer.m */; };
		283B89B720516CF600681FA0 /* AXEEventUserInterfaceState.h in Headers */ = {isa = PBXBuildFile; fileRef = 283B89B520516CF600681FA0 /* AXEEventUserInterfaceState.h */; };
		283B89B820516CF600681FA0 /* AXEEventUserInterfaceState.m in Sources */ = {isa = PBXBuildFile; fileRef = 283B89B620516CF600681FA0 /* AXEEventUserInterfaceState.m */; };
		283B89BB20517C6700681FA0 /* AXEmetamacros.h in Headers */ = {isa = PBXBuildFile; fileRef = 283B89B920517C6600681FA0 /* AXEmetamacros.h */; };
		283B89BC20517C6700681FA0 /* AXEEXTScope.h in Headers */ = {isa = PBXBuildFile; fileRef = 283B89BA20517C6700681FA0 /* AXEEXTScope.h */; };
		283B8AC92053C42700681FA0 /* AXETabBarItem.h in Headers */ = {isa = PBXBuildFile; fileRef = 283B8AC52053C42700681FA0 /* AXETabBarItem.h */; };
		283B8ACA2053C42700681FA0 /* AXETabBarController.m in Sources */ = {isa = PBXBuildFile; fileRef = 283B8AC62053C42700681FA0 /* AXETabBarController.m */; };
		283B8ACB2053C42700681FA0 /* AXETabBarItem.m in Sources */ = {isa = PBXBuildFile; fileRef = 283B8AC72053C42700681FA0 /* AXETabBarItem.m */; };
		283B8ACC2053C42700681FA0 /* AXETabBarController.h in Headers */ = {isa = PBXBuildFile; fileRef = 283B8AC82053C42700681FA0 /* AXETabBarController.h */; };
		283B8ACF2053CBF400681FA0 /* AXEWebViewController.h in Headers */ = {isa = PBXBuildFile; fileRef = 283B8ACD2053CBF400681FA0 /* AXEWebViewController.h */; };
		283B8AD02053CBF400681FA0 /* AXEWebViewController.m in Sources */ = {isa = PBXBuildFile; fileRef = 283B8ACE2053CBF400681FA0 /* AXEWebViewController.m */; };
		283B8AD32053CC0400681FA0 /* AXEWKWebViewController.h in Headers */ = {isa = PBXBuildFile; fileRef = 283B8AD12053CC0400681FA0 /* AXEWKWebViewController.h */; };
		283B8AD42053CC0400681FA0 /* AXEWKWebViewController.m in Sources */ = {isa = PBXBuildFile; fileRef = 283B8AD22053CC0400681FA0 /* AXEWKWebViewController.m */; };
		283B8AD72053D6C000681FA0 /* AXEWebViewBridge.h in Headers */ = {isa = PBXBuildFile; fileRef = 283B8AD52053D6C000681FA0 /* AXEWebViewBridge.h */; };
		283B8AD82053D6C000681FA0 /* AXEWebViewBridge.m in Sources */ = {isa = PBXBuildFile; fileRef = 283B8AD62053D6C000681FA0 /* AXEWebViewBridge.m */; };
		283B8B112054F9BE00681FA0 /* AXEData.h in Headers */ = {isa = PBXBuildFile; fileRef = 283B8B0F2054F9BE00681FA0 /* AXEData.h */; };
		283B8B122054F9BE00681FA0 /* AXEData.m in Sources */ = {isa = PBXBuildFile; fileRef = 283B8B102054F9BE00681FA0 /* AXEData.m */; };
		283B8B152054F9EA00681FA0 /* AXEBaseData.h in Headers */ = {isa = PBXBuildFile; fileRef = 283B8B132054F9EA00681FA0 /* AXEBaseData.h */; };
		283B8B162054F9EA00681FA0 /* AXEBaseData.m in Sources */ = {isa = PBXBuildFile; fileRef = 283B8B142054F9EA00681FA0 /* AXEBaseData.m */; };
		283B8B192054FA6B00681FA0 /* AXEBasicTypeData.h in Headers */ = {isa = PBXBuildFile; fileRef = 283B8B172054FA6B00681FA0 /* AXEBasicTypeData.h */; };
		283B8B1A2054FA6B00681FA0 /* AXEBasicTypeData.m in Sources */ = {isa = PBXBuildFile; fileRef = 283B8B182054FA6B00681FA0 /* AXEBasicTypeData.m */; };
		283B8B1D2054FAA500681FA0 /* AXEModelTypeData.h in Headers */ = {isa = PBXBuildFile; fileRef = 283B8B1B2054FAA500681FA0 /* AXEModelTypeData.h */; };
		283B8B1E2054FAA500681FA0 /* AXEModelTypeData.m in Sources */ = {isa = PBXBuildFile; fileRef = 283B8B1C2054FAA500681FA0 /* AXEModelTypeData.m */; };
		288244252096DF88003DDBFD /* AXEDynamicRouter.m in Sources */ = {isa = PBXBuildFile; fileRef = 288244232096DF88003DDBFD /* AXEDynamicRouter.m */; };
		288244262096DF88003DDBFD /* AXEDynamicRouter.h in Headers */ = {isa = PBXBuildFile; fileRef = 288244242096DF88003DDBFD /* AXEDynamicRouter.h */; };
		28AE4C232057B9EB00EF052F /* AXEData+JavaScriptSupport.m in Sources */ = {isa = PBXBuildFile; fileRef = 28AE4C1F2057B9EB00EF052F /* AXEData+JavaScriptSupport.m */; };
		28AE4C242057B9EB00EF052F /* AXEJavaScriptModelData.m in Sources */ = {isa = PBXBuildFile; fileRef = 28AE4C202057B9EB00EF052F /* AXEJavaScriptModelData.m */; };
		28AE4C252057B9EB00EF052F /* AXEData+JavaScriptSupport.h in Headers */ = {isa = PBXBuildFile; fileRef = 28AE4C212057B9EB00EF052F /* AXEData+JavaScriptSupport.h */; };
		28AE4C262057B9EB00EF052F /* AXEJavaScriptModelData.h in Headers */ = {isa = PBXBuildFile; fileRef = 28AE4C222057B9EB00EF052F /* AXEJavaScriptModelData.h */; };
		28AE4C2A2057C10600EF052F /* AXEReactViewController.h in Headers */ = {isa = PBXBuildFile; fileRef = 28AE4C282057C10600EF052F /* AXEReactViewController.h */; };
		28AE4C2B2057C10600EF052F /* AXEReactViewController.m in Sources */ = {isa = PBXBuildFile; fileRef = 28AE4C292057C10600EF052F /* AXEReactViewController.m */; };
		28AE4C32205806F200EF052F /* AXEReactDataModule.h in Headers */ = {isa = PBXBuildFile; fileRef = 28AE4C30205806F200EF052F /* AXEReactDataModule.h */; };
		28AE4C33205806F200EF052F /* AXEReactDataModule.m in Sources */ = {isa = PBXBuildFile; fileRef = 28AE4C31205806F200EF052F /* AXEReactDataModule.m */; };
		28AE4C362058070200EF052F /* AXEReactEventModule.h in Headers */ = {isa = PBXBuildFile; fileRef = 28AE4C342058070200EF052F /* AXEReactEventModule.h */; };
		28AE4C372058070200EF052F /* AXEReactEventModule.m in Sources */ = {isa = PBXBuildFile; fileRef = 28AE4C352058070200EF052F /* AXEReactEventModule.m */; };
		28AE4C3A2058071500EF052F /* AXEReactRouterModule.h in Headers */ = {isa = PBXBuildFile; fileRef = 28AE4C382058071500EF052F /* AXEReactRouterModule.h */; };
		28AE4C3B2058071500EF052F /* AXEReactRouterModule.m in Sources */ = {isa = PBXBuildFile; fileRef = 28AE4C392058071500EF052F /* AXEReactRouterModule.m */; };
		28C9234E2084A4D200713EE3 /* AXEReactControllerWrapper.h in Headers */ = {isa = PBXBuildFile; fileRef = 28C9234C2084A4D100713EE3 /* AXEReactControllerWrapper.h */; };
		28C9234F2084A4D200713EE3 /* AXEReactControllerWrapper.m in Sources */ = {isa = PBXBuildFile; fileRef = 28C9234D2084A4D200713EE3 /* AXEReactControllerWrapper.m */; };
		BBABFFE8B66048E09C7A3CAC /* libPods-Axe.a in Frameworks */ = {isa = PBXBuildFile; fileRef = AB7F78A7CF416604D0F53E80 /* libPods-Axe.a */; };
		FFD80750E78927C16A1B97CC /* libPods-AxeTests.a in Frameworks */ = {isa = PBXBuildFile; fileRef = D0126C8FC0DA4A11A8572E5F /* libPods-AxeTests.a */; };
/* End PBXBuildFile section */

/* Begin PBXContainerItemProxy section */
		283B898320502B4F00681FA0 /* PBXContainerItemProxy */ = {
			isa = PBXContainerItemProxy;
			containerPortal = 283B896F20502B4F00681FA0 /* Project object */;
			proxyType = 1;
			remoteGlobalIDString = 283B897720502B4F00681FA0;
			remoteInfo = Axe;
		};
/* End PBXContainerItemProxy section */

/* Begin PBXFileReference section */
		28185022206012BE00284A29 /* AXEOfflineWebViewController.h */ = {isa = PBXFileReference; lastKnownFileType = sourcecode.c.h; path = AXEOfflineWebViewController.h; sourceTree = "<group>"; };
		28185023206012BE00284A29 /* AXEOfflineWebViewController.m */ = {isa = PBXFileReference; lastKnownFileType = sourcecode.c.objc; path = AXEOfflineWebViewController.m; sourceTree = "<group>"; };
		28185026206012E400284A29 /* AXEOfflineWKWebViewController.h */ = {isa = PBXFileReference; lastKnownFileType = sourcecode.c.h; path = AXEOfflineWKWebViewController.h; sourceTree = "<group>"; };
		28185027206012E400284A29 /* AXEOfflineWKWebViewController.m */ = {isa = PBXFileReference; lastKnownFileType = sourcecode.c.objc; path = AXEOfflineWKWebViewController.m; sourceTree = "<group>"; };
		2818503E2061F12500284A29 /* AXEViewController.h */ = {isa = PBXFileReference; lastKnownFileType = sourcecode.c.h; path = AXEViewController.h; sourceTree = "<group>"; };
		2818503F2061F12500284A29 /* AXEViewController.m */ = {isa = PBXFileReference; lastKnownFileType = sourcecode.c.objc; path = AXEViewController.m; sourceTree = "<group>"; };
		281850422061F76300284A29 /* AXEOfflineDownloadView.h */ = {isa = PBXFileReference; fileEncoding = 4; lastKnownFileType = sourcecode.c.h; path = AXEOfflineDownloadView.h; sourceTree = "<group>"; };
		281850432061F76300284A29 /* AXEOfflineDownloadView.m */ = {isa = PBXFileReference; fileEncoding = 4; lastKnownFileType = sourcecode.c.objc; path = AXEOfflineDownloadView.m; sourceTree = "<group>"; };
		281850462062A2C900284A29 /* AXEOfflineReactViewController.h */ = {isa = PBXFileReference; lastKnownFileType = sourcecode.c.h; path = AXEOfflineReactViewController.h; sourceTree = "<group>"; };
		281850472062A2C900284A29 /* AXEOfflineReactViewController.m */ = {isa = PBXFileReference; lastKnownFileType = sourcecode.c.objc; path = AXEOfflineReactViewController.m; sourceTree = "<group>"; };
		282B5B7B20CE801F00FF33D3 /* AXERouteProtocolDefinition.m */ = {isa = PBXFileReference; fileEncoding = 4; lastKnownFileType = sourcecode.c.objc; path = AXERouteProtocolDefinition.m; sourceTree = "<group>"; };
		282B5B7C20CE801F00FF33D3 /* AXERouteDefinition.h */ = {isa = PBXFileReference; fileEncoding = 4; lastKnownFileType = sourcecode.c.h; path = AXERouteDefinition.h; sourceTree = "<group>"; };
		282B5B7D20CE801F00FF33D3 /* AXERouteProtocolDefinition.h */ = {isa = PBXFileReference; fileEncoding = 4; lastKnownFileType = sourcecode.c.h; path = AXERouteProtocolDefinition.h; sourceTree = "<group>"; };
		282B5B7E20CE801F00FF33D3 /* AXERouteDefinition.m */ = {isa = PBXFileReference; fileEncoding = 4; lastKnownFileType = sourcecode.c.objc; path = AXERouteDefinition.m; sourceTree = "<group>"; };
		282B5B7F20CE801F00FF33D3 /* AXERouteRequest.h */ = {isa = PBXFileReference; fileEncoding = 4; lastKnownFileType = sourcecode.c.h; path = AXERouteRequest.h; sourceTree = "<group>"; };
		282B5B8020CE801F00FF33D3 /* AXERouteRequest.m */ = {isa = PBXFileReference; fileEncoding = 4; lastKnownFileType = sourcecode.c.objc; path = AXERouteRequest.m; sourceTree = "<group>"; };
		283B897820502B4F00681FA0 /* Axe.framework */ = {isa = PBXFileReference; explicitFileType = wrapper.framework; includeInIndex = 0; path = Axe.framework; sourceTree = BUILT_PRODUCTS_DIR; };
		283B897B20502B4F00681FA0 /* Axe.h */ = {isa = PBXFileReference; lastKnownFileType = sourcecode.c.h; path = Axe.h; sourceTree = "<group>"; };
		283B897C20502B4F00681FA0 /* Info.plist */ = {isa = PBXFileReference; lastKnownFileType = text.plist.xml; path = Info.plist; sourceTree = "<group>"; };
		283B898120502B4F00681FA0 /* AxeTests.xctest */ = {isa = PBXFileReference; explicitFileType = wrapper.cfbundle; includeInIndex = 0; path = AxeTests.xctest; sourceTree = BUILT_PRODUCTS_DIR; };
		283B898620502B4F00681FA0 /* AxeTests.m */ = {isa = PBXFileReference; lastKnownFileType = sourcecode.c.objc; path = AxeTests.m; sourceTree = "<group>"; };
		283B898820502B4F00681FA0 /* Info.plist */ = {isa = PBXFileReference; lastKnownFileType = text.plist.xml; path = Info.plist; sourceTree = "<group>"; };
		283B899920502CBB00681FA0 /* AXERouter.h */ = {isa = PBXFileReference; lastKnownFileType = sourcecode.c.h; path = AXERouter.h; sourceTree = "<group>"; };
		283B899A20502CBB00681FA0 /* AXERouter.m */ = {isa = PBXFileReference; lastKnownFileType = sourcecode.c.objc; path = AXERouter.m; sourceTree = "<group>"; };
		283B899D20502DC100681FA0 /* AXEEvent.h */ = {isa = PBXFileReference; lastKnownFileType = sourcecode.c.h; path = AXEEvent.h; sourceTree = "<group>"; };
		283B899E20502DC100681FA0 /* AXEEvent.m */ = {isa = PBXFileReference; lastKnownFileType = sourcecode.c.objc; path = AXEEvent.m; sourceTree = "<group>"; };
		283B89A52051218900681FA0 /* AXEAutoreleaseEvent.h */ = {isa = PBXFileReference; lastKnownFileType = sourcecode.c.h; path = AXEAutoreleaseEvent.h; sourceTree = "<group>"; };
		283B89A62051218900681FA0 /* AXEAutoreleaseEvent.m */ = {isa = PBXFileReference; lastKnownFileType = sourcecode.c.objc; path = AXEAutoreleaseEvent.m; sourceTree = "<group>"; };
		283B89AD205125D800681FA0 /* AXEEventListener.h */ = {isa = PBXFileReference; lastKnownFileType = sourcecode.c.h; path = AXEEventListener.h; sourceTree = "<group>"; };
		283B89AE205125D800681FA0 /* AXEEventListener.m */ = {isa = PBXFileReference; lastKnownFileType = sourcecode.c.objc; path = AXEEventListener.m; sourceTree = "<group>"; };
		283B89B12051261600681FA0 /* AXEModuleInitializer.h */ = {isa = PBXFileReference; lastKnownFileType = sourcecode.c.h; path = AXEModuleInitializer.h; sourceTree = "<group>"; };
		283B89B22051261600681FA0 /* AXEModuleInitializer.m */ = {isa = PBXFileReference; lastKnownFileType = sourcecode.c.objc; path = AXEModuleInitializer.m; sourceTree = "<group>"; };
		283B89B520516CF600681FA0 /* AXEEventUserInterfaceState.h */ = {isa = PBXFileReference; fileEncoding = 4; lastKnownFileType = sourcecode.c.h; path = AXEEventUserInterfaceState.h; sourceTree = "<group>"; };
		283B89B620516CF600681FA0 /* AXEEventUserInterfaceState.m */ = {isa = PBXFileReference; fileEncoding = 4; lastKnownFileType = sourcecode.c.objc; path = AXEEventUserInterfaceState.m; sourceTree = "<group>"; };
		283B89B920517C6600681FA0 /* AXEmetamacros.h */ = {isa = PBXFileReference; fileEncoding = 4; lastKnownFileType = sourcecode.c.h; path = AXEmetamacros.h; sourceTree = "<group>"; };
		283B89BA20517C6700681FA0 /* AXEEXTScope.h */ = {isa = PBXFileReference; fileEncoding = 4; lastKnownFileType = sourcecode.c.h; path = AXEEXTScope.h; sourceTree = "<group>"; };
		283B89BD205183C000681FA0 /* AXEEventUserInterfaceState+Event.h */ = {isa = PBXFileReference; lastKnownFileType = sourcecode.c.h; path = "AXEEventUserInterfaceState+Event.h"; sourceTree = "<group>"; };
		283B89D220527A0000681FA0 /* AXEDefines.h */ = {isa = PBXFileReference; lastKnownFileType = sourcecode.c.h; path = AXEDefines.h; sourceTree = "<group>"; };
		283B8AC52053C42700681FA0 /* AXETabBarItem.h */ = {isa = PBXFileReference; fileEncoding = 4; lastKnownFileType = sourcecode.c.h; path = AXETabBarItem.h; sourceTree = "<group>"; };
		283B8AC62053C42700681FA0 /* AXETabBarController.m */ = {isa = PBXFileReference; fileEncoding = 4; lastKnownFileType = sourcecode.c.objc; path = AXETabBarController.m; sourceTree = "<group>"; };
		283B8AC72053C42700681FA0 /* AXETabBarItem.m */ = {isa = PBXFileReference; fileEncoding = 4; lastKnownFileType = sourcecode.c.objc; path = AXETabBarItem.m; sourceTree = "<group>"; };
		283B8AC82053C42700681FA0 /* AXETabBarController.h */ = {isa = PBXFileReference; fileEncoding = 4; lastKnownFileType = sourcecode.c.h; path = AXETabBarController.h; sourceTree = "<group>"; };
		283B8ACD2053CBF400681FA0 /* AXEWebViewController.h */ = {isa = PBXFileReference; lastKnownFileType = sourcecode.c.h; path = AXEWebViewController.h; sourceTree = "<group>"; };
		283B8ACE2053CBF400681FA0 /* AXEWebViewController.m */ = {isa = PBXFileReference; lastKnownFileType = sourcecode.c.objc; path = AXEWebViewController.m; sourceTree = "<group>"; };
		283B8AD12053CC0400681FA0 /* AXEWKWebViewController.h */ = {isa = PBXFileReference; lastKnownFileType = sourcecode.c.h; path = AXEWKWebViewController.h; sourceTree = "<group>"; };
		283B8AD22053CC0400681FA0 /* AXEWKWebViewController.m */ = {isa = PBXFileReference; lastKnownFileType = sourcecode.c.objc; path = AXEWKWebViewController.m; sourceTree = "<group>"; };
		283B8AD52053D6C000681FA0 /* AXEWebViewBridge.h */ = {isa = PBXFileReference; lastKnownFileType = sourcecode.c.h; path = AXEWebViewBridge.h; sourceTree = "<group>"; };
		283B8AD62053D6C000681FA0 /* AXEWebViewBridge.m */ = {isa = PBXFileReference; lastKnownFileType = sourcecode.c.objc; path = AXEWebViewBridge.m; sourceTree = "<group>"; };
		283B8B0F2054F9BE00681FA0 /* AXEData.h */ = {isa = PBXFileReference; lastKnownFileType = sourcecode.c.h; path = AXEData.h; sourceTree = "<group>"; };
		283B8B102054F9BE00681FA0 /* AXEData.m */ = {isa = PBXFileReference; lastKnownFileType = sourcecode.c.objc; path = AXEData.m; sourceTree = "<group>"; };
		283B8B132054F9EA00681FA0 /* AXEBaseData.h */ = {isa = PBXFileReference; lastKnownFileType = sourcecode.c.h; path = AXEBaseData.h; sourceTree = "<group>"; };
		283B8B142054F9EA00681FA0 /* AXEBaseData.m */ = {isa = PBXFileReference; lastKnownFileType = sourcecode.c.objc; path = AXEBaseData.m; sourceTree = "<group>"; };
		283B8B172054FA6B00681FA0 /* AXEBasicTypeData.h */ = {isa = PBXFileReference; lastKnownFileType = sourcecode.c.h; path = AXEBasicTypeData.h; sourceTree = "<group>"; };
		283B8B182054FA6B00681FA0 /* AXEBasicTypeData.m */ = {isa = PBXFileReference; lastKnownFileType = sourcecode.c.objc; path = AXEBasicTypeData.m; sourceTree = "<group>"; };
		283B8B1B2054FAA500681FA0 /* AXEModelTypeData.h */ = {isa = PBXFileReference; lastKnownFileType = sourcecode.c.h; path = AXEModelTypeData.h; sourceTree = "<group>"; };
		283B8B1C2054FAA500681FA0 /* AXEModelTypeData.m */ = {isa = PBXFileReference; lastKnownFileType = sourcecode.c.objc; path = AXEModelTypeData.m; sourceTree = "<group>"; };
		288244232096DF88003DDBFD /* AXEDynamicRouter.m */ = {isa = PBXFileReference; fileEncoding = 4; lastKnownFileType = sourcecode.c.objc; path = AXEDynamicRouter.m; sourceTree = "<group>"; };
		288244242096DF88003DDBFD /* AXEDynamicRouter.h */ = {isa = PBXFileReference; fileEncoding = 4; lastKnownFileType = sourcecode.c.h; path = AXEDynamicRouter.h; sourceTree = "<group>"; };
		28AE4C1F2057B9EB00EF052F /* AXEData+JavaScriptSupport.m */ = {isa = PBXFileReference; fileEncoding = 4; lastKnownFileType = sourcecode.c.objc; path = "AXEData+JavaScriptSupport.m"; sourceTree = "<group>"; };
		28AE4C202057B9EB00EF052F /* AXEJavaScriptModelData.m */ = {isa = PBXFileReference; fileEncoding = 4; lastKnownFileType = sourcecode.c.objc; path = AXEJavaScriptModelData.m; sourceTree = "<group>"; };
		28AE4C212057B9EB00EF052F /* AXEData+JavaScriptSupport.h */ = {isa = PBXFileReference; fileEncoding = 4; lastKnownFileType = sourcecode.c.h; path = "AXEData+JavaScriptSupport.h"; sourceTree = "<group>"; };
		28AE4C222057B9EB00EF052F /* AXEJavaScriptModelData.h */ = {isa = PBXFileReference; fileEncoding = 4; lastKnownFileType = sourcecode.c.h; path = AXEJavaScriptModelData.h; sourceTree = "<group>"; };
		28AE4C282057C10600EF052F /* AXEReactViewController.h */ = {isa = PBXFileReference; lastKnownFileType = sourcecode.c.h; path = AXEReactViewController.h; sourceTree = "<group>"; };
		28AE4C292057C10600EF052F /* AXEReactViewController.m */ = {isa = PBXFileReference; lastKnownFileType = sourcecode.c.objc; path = AXEReactViewController.m; sourceTree = "<group>"; };
		28AE4C30205806F200EF052F /* AXEReactDataModule.h */ = {isa = PBXFileReference; lastKnownFileType = sourcecode.c.h; path = AXEReactDataModule.h; sourceTree = "<group>"; };
		28AE4C31205806F200EF052F /* AXEReactDataModule.m */ = {isa = PBXFileReference; lastKnownFileType = sourcecode.c.objc; path = AXEReactDataModule.m; sourceTree = "<group>"; };
		28AE4C342058070200EF052F /* AXEReactEventModule.h */ = {isa = PBXFileReference; lastKnownFileType = sourcecode.c.h; path = AXEReactEventModule.h; sourceTree = "<group>"; };
		28AE4C352058070200EF052F /* AXEReactEventModule.m */ = {isa = PBXFileReference; lastKnownFileType = sourcecode.c.objc; path = AXEReactEventModule.m; sourceTree = "<group>"; };
		28AE4C382058071500EF052F /* AXEReactRouterModule.h */ = {isa = PBXFileReference; lastKnownFileType = sourcecode.c.h; path = AXEReactRouterModule.h; sourceTree = "<group>"; };
		28AE4C392058071500EF052F /* AXEReactRouterModule.m */ = {isa = PBXFileReference; lastKnownFileType = sourcecode.c.objc; path = AXEReactRouterModule.m; sourceTree = "<group>"; };
		28C9234C2084A4D100713EE3 /* AXEReactControllerWrapper.h */ = {isa = PBXFileReference; fileEncoding = 4; lastKnownFileType = sourcecode.c.h; path = AXEReactControllerWrapper.h; sourceTree = "<group>"; };
		28C9234D2084A4D200713EE3 /* AXEReactControllerWrapper.m */ = {isa = PBXFileReference; fileEncoding = 4; lastKnownFileType = sourcecode.c.objc; path = AXEReactControllerWrapper.m; sourceTree = "<group>"; };
		6957F8C6DE98A3F8ACF26A11 /* Pods-AxeTests.debug.xcconfig */ = {isa = PBXFileReference; includeInIndex = 1; lastKnownFileType = text.xcconfig; name = "Pods-AxeTests.debug.xcconfig"; path = "Pods/Target Support Files/Pods-AxeTests/Pods-AxeTests.debug.xcconfig"; sourceTree = "<group>"; };
		789F23BA9634E436E1CB6B69 /* Pods-Axe.release.xcconfig */ = {isa = PBXFileReference; includeInIndex = 1; lastKnownFileType = text.xcconfig; name = "Pods-Axe.release.xcconfig"; path = "Pods/Target Support Files/Pods-Axe/Pods-Axe.release.xcconfig"; sourceTree = "<group>"; };
		9489B2F66701502A774E4BDA /* Pods-Axe.debug.xcconfig */ = {isa = PBXFileReference; includeInIndex = 1; lastKnownFileType = text.xcconfig; name = "Pods-Axe.debug.xcconfig"; path = "Pods/Target Support Files/Pods-Axe/Pods-Axe.debug.xcconfig"; sourceTree = "<group>"; };
		AB7F78A7CF416604D0F53E80 /* libPods-Axe.a */ = {isa = PBXFileReference; explicitFileType = archive.ar; includeInIndex = 0; path = "libPods-Axe.a"; sourceTree = BUILT_PRODUCTS_DIR; };
		D0126C8FC0DA4A11A8572E5F /* libPods-AxeTests.a */ = {isa = PBXFileReference; explicitFileType = archive.ar; includeInIndex = 0; path = "libPods-AxeTests.a"; sourceTree = BUILT_PRODUCTS_DIR; };
		FDD2A4DFB3DA1A74345F9288 /* Pods-AxeTests.release.xcconfig */ = {isa = PBXFileReference; includeInIndex = 1; lastKnownFileType = text.xcconfig; name = "Pods-AxeTests.release.xcconfig"; path = "Pods/Target Support Files/Pods-AxeTests/Pods-AxeTests.release.xcconfig"; sourceTree = "<group>"; };
/* End PBXFileReference section */

/* Begin PBXFrameworksBuildPhase section */
		283B897420502B4F00681FA0 /* Frameworks */ = {
			isa = PBXFrameworksBuildPhase;
			buildActionMask = 2147483647;
			files = (
				BBABFFE8B66048E09C7A3CAC /* libPods-Axe.a in Frameworks */,
			);
			runOnlyForDeploymentPostprocessing = 0;
		};
		283B897E20502B4F00681FA0 /* Frameworks */ = {
			isa = PBXFrameworksBuildPhase;
			buildActionMask = 2147483647;
			files = (
				283B898220502B4F00681FA0 /* Axe.framework in Frameworks */,
				FFD80750E78927C16A1B97CC /* libPods-AxeTests.a in Frameworks */,
			);
			runOnlyForDeploymentPostprocessing = 0;
		};
/* End PBXFrameworksBuildPhase section */

/* Begin PBXGroup section */
		14491BCD0D402D1A43530393 /* Frameworks */ = {
			isa = PBXGroup;
			children = (
				AB7F78A7CF416604D0F53E80 /* libPods-Axe.a */,
				D0126C8FC0DA4A11A8572E5F /* libPods-AxeTests.a */,
			);
			name = Frameworks;
			sourceTree = "<group>";
		};
		281850392061F10800284A29 /* Util */ = {
			isa = PBXGroup;
			children = (
				281850422061F76300284A29 /* AXEOfflineDownloadView.h */,
				281850432061F76300284A29 /* AXEOfflineDownloadView.m */,
				2818503E2061F12500284A29 /* AXEViewController.h */,
				2818503F2061F12500284A29 /* AXEViewController.m */,
			);
			path = Util;
			sourceTree = "<group>";
		};
		283B896E20502B4F00681FA0 = {
			isa = PBXGroup;
			children = (
				283B897A20502B4F00681FA0 /* Axe */,
				283B899520502CA000681FA0 /* Extension */,
				283B898520502B4F00681FA0 /* AxeTests */,
				283B897920502B4F00681FA0 /* Products */,
				F59769D21081A966775DFDB1 /* Pods */,
				14491BCD0D402D1A43530393 /* Frameworks */,
			);
			sourceTree = "<group>";
		};
		283B897920502B4F00681FA0 /* Products */ = {
			isa = PBXGroup;
			children = (
				283B897820502B4F00681FA0 /* Axe.framework */,
				283B898120502B4F00681FA0 /* AxeTests.xctest */,
			);
			name = Products;
			sourceTree = "<group>";
		};
		283B897A20502B4F00681FA0 /* Axe */ = {
			isa = PBXGroup;
			children = (
				283B899320502C0300681FA0 /* Data */,
				283B899420502C0300681FA0 /* Event */,
				283B899220502C0300681FA0 /* Router */,
				283B897B20502B4F00681FA0 /* Axe.h */,
				283B89D220527A0000681FA0 /* AXEDefines.h */,
				283B897C20502B4F00681FA0 /* Info.plist */,
			);
			path = Axe;
			sourceTree = "<group>";
		};
		283B898520502B4F00681FA0 /* AxeTests */ = {
			isa = PBXGroup;
			children = (
				283B898620502B4F00681FA0 /* AxeTests.m */,
				283B898820502B4F00681FA0 /* Info.plist */,
			);
			path = AxeTests;
			sourceTree = "<group>";
		};
		283B899220502C0300681FA0 /* Router */ = {
			isa = PBXGroup;
			children = (
				282B5B7C20CE801F00FF33D3 /* AXERouteDefinition.h */,
				282B5B7E20CE801F00FF33D3 /* AXERouteDefinition.m */,
				282B5B7D20CE801F00FF33D3 /* AXERouteProtocolDefinition.h */,
				282B5B7B20CE801F00FF33D3 /* AXERouteProtocolDefinition.m */,
				282B5B7F20CE801F00FF33D3 /* AXERouteRequest.h */,
				282B5B8020CE801F00FF33D3 /* AXERouteRequest.m */,
				283B899920502CBB00681FA0 /* AXERouter.h */,
				283B899A20502CBB00681FA0 /* AXERouter.m */,
			);
			path = Router;
			sourceTree = "<group>";
		};
		283B899320502C0300681FA0 /* Data */ = {
			isa = PBXGroup;
			children = (
				283B8B0F2054F9BE00681FA0 /* AXEData.h */,
				283B8B102054F9BE00681FA0 /* AXEData.m */,
				283B8B132054F9EA00681FA0 /* AXEBaseData.h */,
				283B8B142054F9EA00681FA0 /* AXEBaseData.m */,
				283B8B172054FA6B00681FA0 /* AXEBasicTypeData.h */,
				283B8B182054FA6B00681FA0 /* AXEBasicTypeData.m */,
				283B8B1B2054FAA500681FA0 /* AXEModelTypeData.h */,
				283B8B1C2054FAA500681FA0 /* AXEModelTypeData.m */,
			);
			path = Data;
			sourceTree = "<group>";
		};
		283B899420502C0300681FA0 /* Event */ = {
			isa = PBXGroup;
			children = (
				283B89BA20517C6700681FA0 /* AXEEXTScope.h */,
				283B89B920517C6600681FA0 /* AXEmetamacros.h */,
				283B89B520516CF600681FA0 /* AXEEventUserInterfaceState.h */,
				283B89B620516CF600681FA0 /* AXEEventUserInterfaceState.m */,
				283B899D20502DC100681FA0 /* AXEEvent.h */,
				283B899E20502DC100681FA0 /* AXEEvent.m */,
				283B89A52051218900681FA0 /* AXEAutoreleaseEvent.h */,
				283B89A62051218900681FA0 /* AXEAutoreleaseEvent.m */,
				283B89AD205125D800681FA0 /* AXEEventListener.h */,
				283B89AE205125D800681FA0 /* AXEEventListener.m */,
				283B89B12051261600681FA0 /* AXEModuleInitializer.h */,
				283B89B22051261600681FA0 /* AXEModuleInitializer.m */,
				283B89BD205183C000681FA0 /* AXEEventUserInterfaceState+Event.h */,
			);
			path = Event;
			sourceTree = "<group>";
		};
		283B899520502CA000681FA0 /* Extension */ = {
			isa = PBXGroup;
			children = (
				288244222096DF88003DDBFD /* DynamicRouter */,
				281850392061F10800284A29 /* Util */,
				28AE4C1E2057B9EB00EF052F /* JavascriptSupport */,
				283B8AC42053C42700681FA0 /* TabBarController */,
				283B8A9C20539E6900681FA0 /* Html */,
				283B8A9A20539E6900681FA0 /* OfflineHtml */,
				283B8A9920539E6900681FA0 /* OfflineReact */,
				283B8A9820539E6900681FA0 /* React */,
			);
			path = Extension;
			sourceTree = "<group>";
		};
		283B8A9820539E6900681FA0 /* React */ = {
			isa = PBXGroup;
			children = (
				28C9234C2084A4D100713EE3 /* AXEReactControllerWrapper.h */,
				28C9234D2084A4D200713EE3 /* AXEReactControllerWrapper.m */,
				28AE4C282057C10600EF052F /* AXEReactViewController.h */,
				28AE4C292057C10600EF052F /* AXEReactViewController.m */,
				28AE4C30205806F200EF052F /* AXEReactDataModule.h */,
				28AE4C31205806F200EF052F /* AXEReactDataModule.m */,
				28AE4C342058070200EF052F /* AXEReactEventModule.h */,
				28AE4C352058070200EF052F /* AXEReactEventModule.m */,
				28AE4C382058071500EF052F /* AXEReactRouterModule.h */,
				28AE4C392058071500EF052F /* AXEReactRouterModule.m */,
			);
			path = React;
			sourceTree = "<group>";
		};
		283B8A9920539E6900681FA0 /* OfflineReact */ = {
			isa = PBXGroup;
			children = (
				281850462062A2C900284A29 /* AXEOfflineReactViewController.h */,
				281850472062A2C900284A29 /* AXEOfflineReactViewController.m */,
			);
			path = OfflineReact;
			sourceTree = "<group>";
		};
		283B8A9A20539E6900681FA0 /* OfflineHtml */ = {
			isa = PBXGroup;
			children = (
				28185022206012BE00284A29 /* AXEOfflineWebViewController.h */,
				28185023206012BE00284A29 /* AXEOfflineWebViewController.m */,
				28185026206012E400284A29 /* AXEOfflineWKWebViewController.h */,
				28185027206012E400284A29 /* AXEOfflineWKWebViewController.m */,
			);
			path = OfflineHtml;
			sourceTree = "<group>";
		};
		283B8A9C20539E6900681FA0 /* Html */ = {
			isa = PBXGroup;
			children = (
				283B8ACD2053CBF400681FA0 /* AXEWebViewController.h */,
				283B8ACE2053CBF400681FA0 /* AXEWebViewController.m */,
				283B8AD12053CC0400681FA0 /* AXEWKWebViewController.h */,
				283B8AD22053CC0400681FA0 /* AXEWKWebViewController.m */,
				283B8AD52053D6C000681FA0 /* AXEWebViewBridge.h */,
				283B8AD62053D6C000681FA0 /* AXEWebViewBridge.m */,
			);
			path = Html;
			sourceTree = "<group>";
		};
		283B8AC42053C42700681FA0 /* TabBarController */ = {
			isa = PBXGroup;
			children = (
				283B8AC52053C42700681FA0 /* AXETabBarItem.h */,
				283B8AC62053C42700681FA0 /* AXETabBarController.m */,
				283B8AC72053C42700681FA0 /* AXETabBarItem.m */,
				283B8AC82053C42700681FA0 /* AXETabBarController.h */,
			);
			path = TabBarController;
			sourceTree = "<group>";
		};
		288244222096DF88003DDBFD /* DynamicRouter */ = {
			isa = PBXGroup;
			children = (
				288244242096DF88003DDBFD /* AXEDynamicRouter.h */,
				288244232096DF88003DDBFD /* AXEDynamicRouter.m */,
			);
			path = DynamicRouter;
			sourceTree = "<group>";
		};
		28AE4C1E2057B9EB00EF052F /* JavascriptSupport */ = {
			isa = PBXGroup;
			children = (
				28AE4C1F2057B9EB00EF052F /* AXEData+JavaScriptSupport.m */,
				28AE4C202057B9EB00EF052F /* AXEJavaScriptModelData.m */,
				28AE4C212057B9EB00EF052F /* AXEData+JavaScriptSupport.h */,
				28AE4C222057B9EB00EF052F /* AXEJavaScriptModelData.h */,
			);
			path = JavascriptSupport;
			sourceTree = "<group>";
		};
		F59769D21081A966775DFDB1 /* Pods */ = {
			isa = PBXGroup;
			children = (
				9489B2F66701502A774E4BDA /* Pods-Axe.debug.xcconfig */,
				789F23BA9634E436E1CB6B69 /* Pods-Axe.release.xcconfig */,
				6957F8C6DE98A3F8ACF26A11 /* Pods-AxeTests.debug.xcconfig */,
				FDD2A4DFB3DA1A74345F9288 /* Pods-AxeTests.release.xcconfig */,
			);
			name = Pods;
			sourceTree = "<group>";
		};
/* End PBXGroup section */

/* Begin PBXHeadersBuildPhase section */
		283B897520502B4F00681FA0 /* Headers */ = {
			isa = PBXHeadersBuildPhase;
			buildActionMask = 2147483647;
			files = (
				282B5B8220CE801F00FF33D3 /* AXERouteDefinition.h in Headers */,
				281850482062A2C900284A29 /* AXEOfflineReactViewController.h in Headers */,
				283B8B112054F9BE00681FA0 /* AXEData.h in Headers */,
				282B5B8320CE801F00FF33D3 /* AXERouteProtocolDefinition.h in Headers */,
				28185024206012BE00284A29 /* AXEOfflineWebViewController.h in Headers */,
				281850442061F76300284A29 /* AXEOfflineDownloadView.h in Headers */,
				283B8AD32053CC0400681FA0 /* AXEWKWebViewController.h in Headers */,
				288244262096DF88003DDBFD /* AXEDynamicRouter.h in Headers */,
				283B899F20502DC100681FA0 /* AXEEvent.h in Headers */,
				283B89AF205125D800681FA0 /* AXEEventListener.h in Headers */,
				28AE4C362058070200EF052F /* AXEReactEventModule.h in Headers */,
				28AE4C32205806F200EF052F /* AXEReactDataModule.h in Headers */,
				283B8B152054F9EA00681FA0 /* AXEBaseData.h in Headers */,
				283B8B192054FA6B00681FA0 /* AXEBasicTypeData.h in Headers */,
				28AE4C252057B9EB00EF052F /* AXEData+JavaScriptSupport.h in Headers */,
				283B89BC20517C6700681FA0 /* AXEEXTScope.h in Headers */,
				283B8AC92053C42700681FA0 /* AXETabBarItem.h in Headers */,
				283B8B1D2054FAA500681FA0 /* AXEModelTypeData.h in Headers */,
				283B89A72051218900681FA0 /* AXEAutoreleaseEvent.h in Headers */,
				283B89B720516CF600681FA0 /* AXEEventUserInterfaceState.h in Headers */,
				283B899B20502CBB00681FA0 /* AXERouter.h in Headers */,
				28185028206012E400284A29 /* AXEOfflineWKWebViewController.h in Headers */,
				283B8AD72053D6C000681FA0 /* AXEWebViewBridge.h in Headers */,
				283B89B32051261600681FA0 /* AXEModuleInitializer.h in Headers */,
				283B8ACF2053CBF400681FA0 /* AXEWebViewController.h in Headers */,
				283B89BB20517C6700681FA0 /* AXEmetamacros.h in Headers */,
				28AE4C262057B9EB00EF052F /* AXEJavaScriptModelData.h in Headers */,
				282B5B8520CE801F00FF33D3 /* AXERouteRequest.h in Headers */,
				28AE4C3A2058071500EF052F /* AXEReactRouterModule.h in Headers */,
				28C9234E2084A4D200713EE3 /* AXEReactControllerWrapper.h in Headers */,
				283B898920502B4F00681FA0 /* Axe.h in Headers */,
				28AE4C2A2057C10600EF052F /* AXEReactViewController.h in Headers */,
				281850402061F12500284A29 /* AXEViewController.h in Headers */,
				283B8ACC2053C42700681FA0 /* AXETabBarController.h in Headers */,
			);
			runOnlyForDeploymentPostprocessing = 0;
		};
/* End PBXHeadersBuildPhase section */

/* Begin PBXNativeTarget section */
		283B897720502B4F00681FA0 /* Axe */ = {
			isa = PBXNativeTarget;
			buildConfigurationList = 283B898C20502B4F00681FA0 /* Build configuration list for PBXNativeTarget "Axe" */;
			buildPhases = (
				88B53602304557FE307FA23C /* [CP] Check Pods Manifest.lock */,
				283B897320502B4F00681FA0 /* Sources */,
				283B897420502B4F00681FA0 /* Frameworks */,
				283B897520502B4F00681FA0 /* Headers */,
				283B897620502B4F00681FA0 /* Resources */,
			);
			buildRules = (
			);
			dependencies = (
			);
			name = Axe;
			productName = Axe;
			productReference = 283B897820502B4F00681FA0 /* Axe.framework */;
			productType = "com.apple.product-type.framework";
		};
		283B898020502B4F00681FA0 /* AxeTests */ = {
			isa = PBXNativeTarget;
			buildConfigurationList = 283B898F20502B4F00681FA0 /* Build configuration list for PBXNativeTarget "AxeTests" */;
			buildPhases = (
				84415ACD9C596D6B53CCAE28 /* [CP] Check Pods Manifest.lock */,
				283B897D20502B4F00681FA0 /* Sources */,
				283B897E20502B4F00681FA0 /* Frameworks */,
				283B897F20502B4F00681FA0 /* Resources */,
			);
			buildRules = (
			);
			dependencies = (
				283B898420502B4F00681FA0 /* PBXTargetDependency */,
			);
			name = AxeTests;
			productName = AxeTests;
			productReference = 283B898120502B4F00681FA0 /* AxeTests.xctest */;
			productType = "com.apple.product-type.bundle.unit-test";
		};
/* End PBXNativeTarget section */

/* Begin PBXProject section */
		283B896F20502B4F00681FA0 /* Project object */ = {
			isa = PBXProject;
			attributes = {
				LastUpgradeCheck = 0920;
				ORGANIZATIONNAME = "罗贤明";
				TargetAttributes = {
					283B897720502B4F00681FA0 = {
						CreatedOnToolsVersion = 9.2;
						ProvisioningStyle = Automatic;
					};
					283B898020502B4F00681FA0 = {
						CreatedOnToolsVersion = 9.2;
						ProvisioningStyle = Automatic;
					};
				};
			};
			buildConfigurationList = 283B897220502B4F00681FA0 /* Build configuration list for PBXProject "Axe" */;
			compatibilityVersion = "Xcode 8.0";
			developmentRegion = en;
			hasScannedForEncodings = 0;
			knownRegions = (
				en,
			);
			mainGroup = 283B896E20502B4F00681FA0;
			productRefGroup = 283B897920502B4F00681FA0 /* Products */;
			projectDirPath = "";
			projectRoot = "";
			targets = (
				283B897720502B4F00681FA0 /* Axe */,
				283B898020502B4F00681FA0 /* AxeTests */,
			);
		};
/* End PBXProject section */

/* Begin PBXResourcesBuildPhase section */
		283B897620502B4F00681FA0 /* Resources */ = {
			isa = PBXResourcesBuildPhase;
			buildActionMask = 2147483647;
			files = (
			);
			runOnlyForDeploymentPostprocessing = 0;
		};
		283B897F20502B4F00681FA0 /* Resources */ = {
			isa = PBXResourcesBuildPhase;
			buildActionMask = 2147483647;
			files = (
			);
			runOnlyForDeploymentPostprocessing = 0;
		};
/* End PBXResourcesBuildPhase section */

/* Begin PBXShellScriptBuildPhase section */
		84415ACD9C596D6B53CCAE28 /* [CP] Check Pods Manifest.lock */ = {
			isa = PBXShellScriptBuildPhase;
			buildActionMask = 2147483647;
			files = (
			);
			inputPaths = (
				"${PODS_PODFILE_DIR_PATH}/Podfile.lock",
				"${PODS_ROOT}/Manifest.lock",
			);
			name = "[CP] Check Pods Manifest.lock";
			outputPaths = (
				"$(DERIVED_FILE_DIR)/Pods-AxeTests-checkManifestLockResult.txt",
			);
			runOnlyForDeploymentPostprocessing = 0;
			shellPath = /bin/sh;
			shellScript = "diff \"${PODS_PODFILE_DIR_PATH}/Podfile.lock\" \"${PODS_ROOT}/Manifest.lock\" > /dev/null\nif [ $? != 0 ] ; then\n    # print error to STDERR\n    echo \"error: The sandbox is not in sync with the Podfile.lock. Run 'pod install' or update your CocoaPods installation.\" >&2\n    exit 1\nfi\n# This output is used by Xcode 'outputs' to avoid re-running this script phase.\necho \"SUCCESS\" > \"${SCRIPT_OUTPUT_FILE_0}\"\n";
			showEnvVarsInLog = 0;
		};
		88B53602304557FE307FA23C /* [CP] Check Pods Manifest.lock */ = {
			isa = PBXShellScriptBuildPhase;
			buildActionMask = 2147483647;
			files = (
			);
			inputPaths = (
				"${PODS_PODFILE_DIR_PATH}/Podfile.lock",
				"${PODS_ROOT}/Manifest.lock",
			);
			name = "[CP] Check Pods Manifest.lock";
			outputPaths = (
				"$(DERIVED_FILE_DIR)/Pods-Axe-checkManifestLockResult.txt",
			);
			runOnlyForDeploymentPostprocessing = 0;
			shellPath = /bin/sh;
			shellScript = "diff \"${PODS_PODFILE_DIR_PATH}/Podfile.lock\" \"${PODS_ROOT}/Manifest.lock\" > /dev/null\nif [ $? != 0 ] ; then\n    # print error to STDERR\n    echo \"error: The sandbox is not in sync with the Podfile.lock. Run 'pod install' or update your CocoaPods installation.\" >&2\n    exit 1\nfi\n# This output is used by Xcode 'outputs' to avoid re-running this script phase.\necho \"SUCCESS\" > \"${SCRIPT_OUTPUT_FILE_0}\"\n";
			showEnvVarsInLog = 0;
		};
/* End PBXShellScriptBuildPhase section */

/* Begin PBXSourcesBuildPhase section */
		283B897320502B4F00681FA0 /* Sources */ = {
			isa = PBXSourcesBuildPhase;
			buildActionMask = 2147483647;
			files = (
				282B5B8120CE801F00FF33D3 /* AXERouteProtocolDefinition.m in Sources */,
				28AE4C2B2057C10600EF052F /* AXEReactViewController.m in Sources */,
				283B8AD82053D6C000681FA0 /* AXEWebViewBridge.m in Sources */,
				28185029206012E400284A29 /* AXEOfflineWKWebViewController.m in Sources */,
				281850412061F12500284A29 /* AXEViewController.m in Sources */,
				283B899C20502CBB00681FA0 /* AXERouter.m in Sources */,
				283B8B1A2054FA6B00681FA0 /* AXEBasicTypeData.m in Sources */,
				283B89A82051218900681FA0 /* AXEAutoreleaseEvent.m in Sources */,
				283B89B0205125D800681FA0 /* AXEEventListener.m in Sources */,
				283B89B42051261600681FA0 /* AXEModuleInitializer.m in Sources */,
				28AE4C242057B9EB00EF052F /* AXEJavaScriptModelData.m in Sources */,
				283B8B122054F9BE00681FA0 /* AXEData.m in Sources */,
				28C9234F2084A4D200713EE3 /* AXEReactControllerWrapper.m in Sources */,
				28185025206012BE00284A29 /* AXEOfflineWebViewController.m in Sources */,
				283B8AD02053CBF400681FA0 /* AXEWebViewController.m in Sources */,
				282B5B8620CE801F00FF33D3 /* AXERouteRequest.m in Sources */,
				282B5B8420CE801F00FF33D3 /* AXERouteDefinition.m in Sources */,
				283B8ACA2053C42700681FA0 /* AXETabBarController.m in Sources */,
				283B8B1E2054FAA500681FA0 /* AXEModelTypeData.m in Sources */,
				283B8B162054F9EA00681FA0 /* AXEBaseData.m in Sources */,
				28AE4C372058070200EF052F /* AXEReactEventModule.m in Sources */,
				28AE4C232057B9EB00EF052F /* AXEData+JavaScriptSupport.m in Sources */,
				281850452061F76300284A29 /* AXEOfflineDownloadView.m in Sources */,
				283B8AD42053CC0400681FA0 /* AXEWKWebViewController.m in Sources */,
				281850492062A2C900284A29 /* AXEOfflineReactViewController.m in Sources */,
				288244252096DF88003DDBFD /* AXEDynamicRouter.m in Sources */,
				28AE4C3B2058071500EF052F /* AXEReactRouterModule.m in Sources */,
				28AE4C33205806F200EF052F /* AXEReactDataModule.m in Sources */,
				283B89B820516CF600681FA0 /* AXEEventUserInterfaceState.m in Sources */,
				283B89A020502DC100681FA0 /* AXEEvent.m in Sources */,
				283B8ACB2053C42700681FA0 /* AXETabBarItem.m in Sources */,
			);
			runOnlyForDeploymentPostprocessing = 0;
		};
		283B897D20502B4F00681FA0 /* Sources */ = {
			isa = PBXSourcesBuildPhase;
			buildActionMask = 2147483647;
			files = (
				283B898720502B4F00681FA0 /* AxeTests.m in Sources */,
			);
			runOnlyForDeploymentPostprocessing = 0;
		};
/* End PBXSourcesBuildPhase section */

/* Begin PBXTargetDependency section */
		283B898420502B4F00681FA0 /* PBXTargetDependency */ = {
			isa = PBXTargetDependency;
			target = 283B897720502B4F00681FA0 /* Axe */;
			targetProxy = 283B898320502B4F00681FA0 /* PBXContainerItemProxy */;
		};
/* End PBXTargetDependency section */

/* Begin XCBuildConfiguration section */
		283B898A20502B4F00681FA0 /* Debug */ = {
			isa = XCBuildConfiguration;
			buildSettings = {
				ALWAYS_SEARCH_USER_PATHS = NO;
				CLANG_ANALYZER_NONNULL = YES;
				CLANG_ANALYZER_NUMBER_OBJECT_CONVERSION = YES_AGGRESSIVE;
				CLANG_CXX_LANGUAGE_STANDARD = "gnu++14";
				CLANG_CXX_LIBRARY = "libc++";
				CLANG_ENABLE_MODULES = YES;
				CLANG_ENABLE_OBJC_ARC = YES;
				CLANG_WARN_BLOCK_CAPTURE_AUTORELEASING = YES;
				CLANG_WARN_BOOL_CONVERSION = YES;
				CLANG_WARN_COMMA = YES;
				CLANG_WARN_CONSTANT_CONVERSION = YES;
				CLANG_WARN_DIRECT_OBJC_ISA_USAGE = YES_ERROR;
				CLANG_WARN_DOCUMENTATION_COMMENTS = YES;
				CLANG_WARN_EMPTY_BODY = YES;
				CLANG_WARN_ENUM_CONVERSION = YES;
				CLANG_WARN_INFINITE_RECURSION = YES;
				CLANG_WARN_INT_CONVERSION = YES;
				CLANG_WARN_NON_LITERAL_NULL_CONVERSION = YES;
				CLANG_WARN_OBJC_LITERAL_CONVERSION = YES;
				CLANG_WARN_OBJC_ROOT_CLASS = YES_ERROR;
				CLANG_WARN_RANGE_LOOP_ANALYSIS = YES;
				CLANG_WARN_STRICT_PROTOTYPES = YES;
				CLANG_WARN_SUSPICIOUS_MOVE = YES;
				CLANG_WARN_UNGUARDED_AVAILABILITY = YES_AGGRESSIVE;
				CLANG_WARN_UNREACHABLE_CODE = YES;
				CLANG_WARN__DUPLICATE_METHOD_MATCH = YES;
				CODE_SIGN_IDENTITY = "iPhone Developer";
				COPY_PHASE_STRIP = NO;
				CURRENT_PROJECT_VERSION = 1;
				DEBUG_INFORMATION_FORMAT = dwarf;
				ENABLE_STRICT_OBJC_MSGSEND = YES;
				ENABLE_TESTABILITY = YES;
				GCC_C_LANGUAGE_STANDARD = gnu11;
				GCC_DYNAMIC_NO_PIC = NO;
				GCC_NO_COMMON_BLOCKS = YES;
				GCC_OPTIMIZATION_LEVEL = 0;
				GCC_PREPROCESSOR_DEFINITIONS = (
					"DEBUG=1",
					"$(inherited)",
				);
				GCC_WARN_64_TO_32_BIT_CONVERSION = YES;
				GCC_WARN_ABOUT_RETURN_TYPE = YES_ERROR;
				GCC_WARN_UNDECLARED_SELECTOR = YES;
				GCC_WARN_UNINITIALIZED_AUTOS = YES_AGGRESSIVE;
				GCC_WARN_UNUSED_FUNCTION = YES;
				GCC_WARN_UNUSED_VARIABLE = YES;
				IPHONEOS_DEPLOYMENT_TARGET = 11.2;
				MTL_ENABLE_DEBUG_INFO = YES;
				ONLY_ACTIVE_ARCH = YES;
				SDKROOT = iphoneos;
				VERSIONING_SYSTEM = "apple-generic";
				VERSION_INFO_PREFIX = "";
			};
			name = Debug;
		};
		283B898B20502B4F00681FA0 /* Release */ = {
			isa = XCBuildConfiguration;
			buildSettings = {
				ALWAYS_SEARCH_USER_PATHS = NO;
				CLANG_ANALYZER_NONNULL = YES;
				CLANG_ANALYZER_NUMBER_OBJECT_CONVERSION = YES_AGGRESSIVE;
				CLANG_CXX_LANGUAGE_STANDARD = "gnu++14";
				CLANG_CXX_LIBRARY = "libc++";
				CLANG_ENABLE_MODULES = YES;
				CLANG_ENABLE_OBJC_ARC = YES;
				CLANG_WARN_BLOCK_CAPTURE_AUTORELEASING = YES;
				CLANG_WARN_BOOL_CONVERSION = YES;
				CLANG_WARN_COMMA = YES;
				CLANG_WARN_CONSTANT_CONVERSION = YES;
				CLANG_WARN_DIRECT_OBJC_ISA_USAGE = YES_ERROR;
				CLANG_WARN_DOCUMENTATION_COMMENTS = YES;
				CLANG_WARN_EMPTY_BODY = YES;
				CLANG_WARN_ENUM_CONVERSION = YES;
				CLANG_WARN_INFINITE_RECURSION = YES;
				CLANG_WARN_INT_CONVERSION = YES;
				CLANG_WARN_NON_LITERAL_NULL_CONVERSION = YES;
				CLANG_WARN_OBJC_LITERAL_CONVERSION = YES;
				CLANG_WARN_OBJC_ROOT_CLASS = YES_ERROR;
				CLANG_WARN_RANGE_LOOP_ANALYSIS = YES;
				CLANG_WARN_STRICT_PROTOTYPES = YES;
				CLANG_WARN_SUSPICIOUS_MOVE = YES;
				CLANG_WARN_UNGUARDED_AVAILABILITY = YES_AGGRESSIVE;
				CLANG_WARN_UNREACHABLE_CODE = YES;
				CLANG_WARN__DUPLICATE_METHOD_MATCH = YES;
				CODE_SIGN_IDENTITY = "iPhone Developer";
				COPY_PHASE_STRIP = NO;
				CURRENT_PROJECT_VERSION = 1;
				DEBUG_INFORMATION_FORMAT = "dwarf-with-dsym";
				ENABLE_NS_ASSERTIONS = NO;
				ENABLE_STRICT_OBJC_MSGSEND = YES;
				GCC_C_LANGUAGE_STANDARD = gnu11;
				GCC_NO_COMMON_BLOCKS = YES;
				GCC_WARN_64_TO_32_BIT_CONVERSION = YES;
				GCC_WARN_ABOUT_RETURN_TYPE = YES_ERROR;
				GCC_WARN_UNDECLARED_SELECTOR = YES;
				GCC_WARN_UNINITIALIZED_AUTOS = YES_AGGRESSIVE;
				GCC_WARN_UNUSED_FUNCTION = YES;
				GCC_WARN_UNUSED_VARIABLE = YES;
				IPHONEOS_DEPLOYMENT_TARGET = 11.2;
				MTL_ENABLE_DEBUG_INFO = NO;
				SDKROOT = iphoneos;
				VALIDATE_PRODUCT = YES;
				VERSIONING_SYSTEM = "apple-generic";
				VERSION_INFO_PREFIX = "";
			};
			name = Release;
		};
		283B898D20502B4F00681FA0 /* Debug */ = {
			isa = XCBuildConfiguration;
			baseConfigurationReference = 9489B2F66701502A774E4BDA /* Pods-Axe.debug.xcconfig */;
			buildSettings = {
				CODE_SIGN_IDENTITY = "";
				CODE_SIGN_STYLE = Automatic;
				DEFINES_MODULE = YES;
				DEVELOPMENT_TEAM = 724C46WH46;
				DYLIB_COMPATIBILITY_VERSION = 1;
				DYLIB_CURRENT_VERSION = 1;
				DYLIB_INSTALL_NAME_BASE = "@rpath";
				INFOPLIST_FILE = Axe/Info.plist;
				INSTALL_PATH = "$(LOCAL_LIBRARY_DIR)/Frameworks";
				IPHONEOS_DEPLOYMENT_TARGET = 8.0;
				LD_RUNPATH_SEARCH_PATHS = "$(inherited) @executable_path/Frameworks @loader_path/Frameworks";
				MACH_O_TYPE = mh_dylib;
				PRODUCT_BUNDLE_IDENTIFIER = org.Axe;
				PRODUCT_NAME = "$(TARGET_NAME:c99extidentifier)";
				SKIP_INSTALL = YES;
				TARGETED_DEVICE_FAMILY = "1,2";
			};
			name = Debug;
		};
		283B898E20502B4F00681FA0 /* Release */ = {
			isa = XCBuildConfiguration;
			baseConfigurationReference = 789F23BA9634E436E1CB6B69 /* Pods-Axe.release.xcconfig */;
			buildSettings = {
				CODE_SIGN_IDENTITY = "";
				CODE_SIGN_STYLE = Automatic;
				DEFINES_MODULE = YES;
				DEVELOPMENT_TEAM = 724C46WH46;
				DYLIB_COMPATIBILITY_VERSION = 1;
				DYLIB_CURRENT_VERSION = 1;
				DYLIB_INSTALL_NAME_BASE = "@rpath";
				INFOPLIST_FILE = Axe/Info.plist;
				INSTALL_PATH = "$(LOCAL_LIBRARY_DIR)/Frameworks";
				IPHONEOS_DEPLOYMENT_TARGET = 8.0;
				LD_RUNPATH_SEARCH_PATHS = "$(inherited) @executable_path/Frameworks @loader_path/Frameworks";
				MACH_O_TYPE = mh_dylib;
				PRODUCT_BUNDLE_IDENTIFIER = org.Axe;
				PRODUCT_NAME = "$(TARGET_NAME:c99extidentifier)";
				SKIP_INSTALL = YES;
				TARGETED_DEVICE_FAMILY = "1,2";
			};
			name = Release;
		};
		283B899020502B4F00681FA0 /* Debug */ = {
			isa = XCBuildConfiguration;
			baseConfigurationReference = 6957F8C6DE98A3F8ACF26A11 /* Pods-AxeTests.debug.xcconfig */;
			buildSettings = {
				CODE_SIGN_STYLE = Automatic;
				DEVELOPMENT_TEAM = 724C46WH46;
				INFOPLIST_FILE = AxeTests/Info.plist;
				LD_RUNPATH_SEARCH_PATHS = "$(inherited) @executable_path/Frameworks @loader_path/Frameworks";
				PRODUCT_BUNDLE_IDENTIFIER = org.AxeTests;
				PRODUCT_NAME = "$(TARGET_NAME)";
				TARGETED_DEVICE_FAMILY = "1,2";
			};
			name = Debug;
		};
		283B899120502B4F00681FA0 /* Release */ = {
			isa = XCBuildConfiguration;
			baseConfigurationReference = FDD2A4DFB3DA1A74345F9288 /* Pods-AxeTests.release.xcconfig */;
			buildSettings = {
				CODE_SIGN_STYLE = Automatic;
				DEVELOPMENT_TEAM = 724C46WH46;
				INFOPLIST_FILE = AxeTests/Info.plist;
				LD_RUNPATH_SEARCH_PATHS = "$(inherited) @executable_path/Frameworks @loader_path/Frameworks";
				PRODUCT_BUNDLE_IDENTIFIER = org.AxeTests;
				PRODUCT_NAME = "$(TARGET_NAME)";
				TARGETED_DEVICE_FAMILY = "1,2";
			};
			name = Release;
		};
/* End XCBuildConfiguration section */

/* Begin XCConfigurationList section */
		283B897220502B4F00681FA0 /* Build configuration list for PBXProject "Axe" */ = {
			isa = XCConfigurationList;
			buildConfigurations = (
				283B898A20502B4F00681FA0 /* Debug */,
				283B898B20502B4F00681FA0 /* Release */,
			);
			defaultConfigurationIsVisible = 0;
			defaultConfigurationName = Release;
		};
		283B898C20502B4F00681FA0 /* Build configuration list for PBXNativeTarget "Axe" */ = {
			isa = XCConfigurationList;
			buildConfigurations = (
				283B898D20502B4F00681FA0 /* Debug */,
				283B898E20502B4F00681FA0 /* Release */,
			);
			defaultConfigurationIsVisible = 0;
			defaultConfigurationName = Release;
		};
		283B898F20502B4F00681FA0 /* Build configuration list for PBXNativeTarget "AxeTests" */ = {
			isa = XCConfigurationList;
			buildConfigurations = (
				283B899020502B4F00681FA0 /* Debug */,
				283B899120502B4F00681FA0 /* Release */,
			);
			defaultConfigurationIsVisible = 0;
			defaultConfigurationName = Release;
		};
/* End XCConfigurationList section */
	};
	rootObject = 283B896F20502B4F00681FA0 /* Project object */;
}
